
Microsoft Visual Studio Solution File, Format Version 12.00
# Visual Studio Version 17
VisualStudioVersion = 17.14.36623.8 d17.14
MinimumVisualStudioVersion = 10.0.40219.1
Project("{FAE04EC0-301F-11D3-BF4B-00C04F79EFBC}") = "luxur", "luxur.csproj", "{969C1BF9-81C7-495C-A035-A2AF08625A61}"
EndProject
Global
	GlobalSection(SolutionConfigurationPlatforms) = preSolution
		Debug|Any CPU = Debug|Any CPU
		Release|Any CPU = Release|Any CPU
	EndGlobalSection
	GlobalSection(ProjectConfigurationPlatforms) = postSolution
		{969C1BF9-81C7-495C-A035-A2AF08625A61}.Debug|Any CPU.ActiveCfg = Debug|Any CPU
		{969C1BF9-81C7-495C-A035-A2AF08625A61}.Debug|Any CPU.Build.0 = Debug|Any CPU
		{969C1BF9-81C7-495C-A035-A2AF08625A61}.Release|Any CPU.ActiveCfg = Release|Any CPU
		{969C1BF9-81C7-495C-A035-A2AF08625A61}.Release|Any CPU.Build.0 = Release|Any CPU
	EndGlobalSection
	GlobalSection(SolutionProperties) = preSolution
		HideSolutionNode = FALSE
	EndGlobalSection
	GlobalSection(ExtensibilityGlobals) = postSolution
		SolutionGuid = {CF156F3A-E824-4631-866C-D0FE90535649}
	EndGlobalSection
EndGlobal
