
Microsoft Visual Studio Solution File, Format Version 12.00
# Visual Studio Version 17
VisualStudioVersion = 17.14.36623.8 d17.14
MinimumVisualStudioVersion = 10.0.40219.1
Project("{FAE04EC0-301F-11D3-BF4B-00C04F79EFBC}") = "GiveAID", "GiveAID.csproj", "{263E68D9-9AA7-4B90-8744-A28AE8CF9B57}"
EndProject
Global
	GlobalSection(SolutionConfigurationPlatforms) = preSolution
		Debug|Any CPU = Debug|Any CPU
		Release|Any CPU = Release|Any CPU
	EndGlobalSection
	GlobalSection(ProjectConfigurationPlatforms) = postSolution
		{263E68D9-9AA7-4B90-8744-A28AE8CF9B57}.Debug|Any CPU.ActiveCfg = Debug|Any CPU
		{263E68D9-9AA7-4B90-8744-A28AE8CF9B57}.Debug|Any CPU.Build.0 = Debug|Any CPU
		{263E68D9-9AA7-4B90-8744-A28AE8CF9B57}.Release|Any CPU.ActiveCfg = Release|Any CPU
		{263E68D9-9AA7-4B90-8744-A28AE8CF9B57}.Release|Any CPU.Build.0 = Release|Any CPU
	EndGlobalSection
	GlobalSection(SolutionProperties) = preSolution
		HideSolutionNode = FALSE
	EndGlobalSection
	GlobalSection(ExtensibilityGlobals) = postSolution
		SolutionGuid = {7BB9C624-B7C8-455F-ADA4-7616E36154C6}
	EndGlobalSection
EndGlobal
