
Microsoft Visual Studio Solution File, Format Version 12.00
# Visual Studio Version 17
VisualStudioVersion = 17.14.36623.8 d17.14
MinimumVisualStudioVersion = 10.0.40219.1
Project("{FAE04EC0-301F-11D3-BF4B-00C04F79EFBC}") = "Login&Register", "Login&Register.csproj", "{8E379D01-E229-46BB-BCBB-ADFC41656CB9}"
EndProject
Global
	GlobalSection(SolutionConfigurationPlatforms) = preSolution
		Debug|Any CPU = Debug|Any CPU
		Release|Any CPU = Release|Any CPU
	EndGlobalSection
	GlobalSection(ProjectConfigurationPlatforms) = postSolution
		{8E379D01-E229-46BB-BCBB-ADFC41656CB9}.Debug|Any CPU.ActiveCfg = Debug|Any CPU
		{8E379D01-E229-46BB-BCBB-ADFC41656CB9}.Debug|Any CPU.Build.0 = Debug|Any CPU
		{8E379D01-E229-46BB-BCBB-ADFC41656CB9}.Release|Any CPU.ActiveCfg = Release|Any CPU
		{8E379D01-E229-46BB-BCBB-ADFC41656CB9}.Release|Any CPU.Build.0 = Release|Any CPU
	EndGlobalSection
	GlobalSection(SolutionProperties) = preSolution
		HideSolutionNode = FALSE
	EndGlobalSection
	GlobalSection(ExtensibilityGlobals) = postSolution
		SolutionGuid = {560D4D39-7A75-43C8-B0DF-CB1BC869BF25}
	EndGlobalSection
EndGlobal
