
Microsoft Visual Studio Solution File, Format Version 12.00
# Visual Studio Version 17
VisualStudioVersion = 17.14.36511.14 d17.14
MinimumVisualStudioVersion = 10.0.40219.1
Project("{FAE04EC0-301F-11D3-BF4B-00C04F79EFBC}") = "Practice", "Practice.csproj", "{BF8B0330-7894-4E5D-B1AD-01BF5BCDB327}"
EndProject
Global
	GlobalSection(SolutionConfigurationPlatforms) = preSolution
		Debug|Any CPU = Debug|Any CPU
		Release|Any CPU = Release|Any CPU
	EndGlobalSection
	GlobalSection(ProjectConfigurationPlatforms) = postSolution
		{BF8B0330-7894-4E5D-B1AD-01BF5BCDB327}.Debug|Any CPU.ActiveCfg = Debug|Any CPU
		{BF8B0330-7894-4E5D-B1AD-01BF5BCDB327}.Debug|Any CPU.Build.0 = Debug|Any CPU
		{BF8B0330-7894-4E5D-B1AD-01BF5BCDB327}.Release|Any CPU.ActiveCfg = Release|Any CPU
		{BF8B0330-7894-4E5D-B1AD-01BF5BCDB327}.Release|Any CPU.Build.0 = Release|Any CPU
	EndGlobalSection
	GlobalSection(SolutionProperties) = preSolution
		HideSolutionNode = FALSE
	EndGlobalSection
	GlobalSection(ExtensibilityGlobals) = postSolution
		SolutionGuid = {54ABA8C1-F22D-4F18-84D7-B002C72AC920}
	EndGlobalSection
EndGlobal
