
Microsoft Visual Studio Solution File, Format Version 12.00
# Visual Studio Version 17
VisualStudioVersion = 17.14.36623.8 d17.14
MinimumVisualStudioVersion = 10.0.40219.1
Project("{FAE04EC0-301F-11D3-BF4B-00C04F79EFBC}") = "furni", "furni.csproj", "{3C2262E9-684C-4989-B712-E6B5A5CC5321}"
EndProject
Global
	GlobalSection(SolutionConfigurationPlatforms) = preSolution
		Debug|Any CPU = Debug|Any CPU
		Release|Any CPU = Release|Any CPU
	EndGlobalSection
	GlobalSection(ProjectConfigurationPlatforms) = postSolution
		{3C2262E9-684C-4989-B712-E6B5A5CC5321}.Debug|Any CPU.ActiveCfg = Debug|Any CPU
		{3C2262E9-684C-4989-B712-E6B5A5CC5321}.Debug|Any CPU.Build.0 = Debug|Any CPU
		{3C2262E9-684C-4989-B712-E6B5A5CC5321}.Release|Any CPU.ActiveCfg = Release|Any CPU
		{3C2262E9-684C-4989-B712-E6B5A5CC5321}.Release|Any CPU.Build.0 = Release|Any CPU
	EndGlobalSection
	GlobalSection(SolutionProperties) = preSolution
		HideSolutionNode = FALSE
	EndGlobalSection
	GlobalSection(ExtensibilityGlobals) = postSolution
		SolutionGuid = {C3EE550D-9C18-40CE-908D-1647560E4A2A}
	EndGlobalSection
EndGlobal
